
Microsoft Visual Studio Solution File, Format Version 12.00
# Visual Studio Version 17
VisualStudioVersion = 17.4.32804.182
MinimumVisualStudioVersion = 10.0.40219.1
Project("{2150E333-8FDC-42A3-9474-1A3956D46DE8}") = "Source", "Source", "{32765120-44F5-4A58-8647-114DCCF52902}"
EndProject
Project("{2150E333-8FDC-42A3-9474-1A3956D46DE8}") = "Sample", "Sample", "{6BEC6D7D-7C51-4D69-8FA5-0926C7630147}"
EndProject
Project("{9A19103F-16F7-4668-BE54-9A1E7A4F7556}") = "LocalNotifications", "Source\LocalNotifications\LocalNotifications.csproj", "{ABA387EC-7C40-455D-84E0-D2C61E3E7F07}"
EndProject
Global
	GlobalSection(SolutionConfigurationPlatforms) = preSolution
		Debug|Any CPU = Debug|Any CPU
		Debug|iPhone = Debug|iPhone
		Debug|iPhoneSimulator = Debug|iPhoneSimulator
		Dual|Any CPU = Dual|Any CPU
		Dual|iPhone = Dual|iPhone
		Dual|iPhoneSimulator = Dual|iPhoneSimulator
		Release|Any CPU = Release|Any CPU
		Release|iPhone = Release|iPhone
		Release|iPhoneSimulator = Release|iPhoneSimulator
	EndGlobalSection
	GlobalSection(ProjectConfigurationPlatforms) = postSolution
		{ABA387EC-7C40-455D-84E0-D2C61E3E7F07}.Debug|Any CPU.ActiveCfg = Debug|Any CPU
		{ABA387EC-7C40-455D-84E0-D2C61E3E7F07}.Debug|Any CPU.Build.0 = Debug|Any CPU
		{ABA387EC-7C40-455D-84E0-D2C61E3E7F07}.Debug|iPhone.ActiveCfg = Debug|Any CPU
		{ABA387EC-7C40-455D-84E0-D2C61E3E7F07}.Debug|iPhone.Build.0 = Debug|Any CPU
		{ABA387EC-7C40-455D-84E0-D2C61E3E7F07}.Debug|iPhoneSimulator.ActiveCfg = Debug|Any CPU
		{ABA387EC-7C40-455D-84E0-D2C61E3E7F07}.Debug|iPhoneSimulator.Build.0 = Debug|Any CPU
		{ABA387EC-7C40-455D-84E0-D2C61E3E7F07}.Dual|Any CPU.ActiveCfg = Release|Any CPU
		{ABA387EC-7C40-455D-84E0-D2C61E3E7F07}.Dual|Any CPU.Build.0 = Release|Any CPU
		{ABA387EC-7C40-455D-84E0-D2C61E3E7F07}.Dual|iPhone.ActiveCfg = Debug|Any CPU
		{ABA387EC-7C40-455D-84E0-D2C61E3E7F07}.Dual|iPhone.Build.0 = Debug|Any CPU
		{ABA387EC-7C40-455D-84E0-D2C61E3E7F07}.Dual|iPhoneSimulator.ActiveCfg = Debug|Any CPU
		{ABA387EC-7C40-455D-84E0-D2C61E3E7F07}.Dual|iPhoneSimulator.Build.0 = Debug|Any CPU
		{ABA387EC-7C40-455D-84E0-D2C61E3E7F07}.Release|Any CPU.ActiveCfg = Release|Any CPU
		{ABA387EC-7C40-455D-84E0-D2C61E3E7F07}.Release|Any CPU.Build.0 = Release|Any CPU
		{ABA387EC-7C40-455D-84E0-D2C61E3E7F07}.Release|iPhone.ActiveCfg = Release|Any CPU
		{ABA387EC-7C40-455D-84E0-D2C61E3E7F07}.Release|iPhone.Build.0 = Release|Any CPU
		{ABA387EC-7C40-455D-84E0-D2C61E3E7F07}.Release|iPhoneSimulator.ActiveCfg = Release|Any CPU
		{ABA387EC-7C40-455D-84E0-D2C61E3E7F07}.Release|iPhoneSimulator.Build.0 = Release|Any CPU
	EndGlobalSection
	GlobalSection(SolutionProperties) = preSolution
		HideSolutionNode = FALSE
	EndGlobalSection
	GlobalSection(NestedProjects) = preSolution
		{ABA387EC-7C40-455D-84E0-D2C61E3E7F07} = {32765120-44F5-4A58-8647-114DCCF52902}
	EndGlobalSection
	GlobalSection(ExtensibilityGlobals) = postSolution
		SolutionGuid = {CC21107F-3669-4EA8-AB88-55FB92EAD509}
	EndGlobalSection
EndGlobal
